PODS:
  - Alamofire (4.9.1)
  - CodableAlamofire (1.1.2):
    - Alamofire (~> 4.0)
  - lottie-ios (3.2.3)
  - PromiseKit (6.15.3):
    - PromiseKit/CorePromise (= 6.15.3)
    - PromiseKit/Foundation (= 6.15.3)
    - PromiseKit/UIKit (= 6.15.3)
  - PromiseKit/CorePromise (6.15.3)
  - PromiseKit/Foundation (6.15.3):
    - PromiseKit/CorePromise
  - PromiseKit/UIKit (6.15.3):
    - PromiseKit/CorePromise
  - SwiftyBeaver (1.8.4)
  - SwiftyJSON (5.0.1)

DEPENDENCIES:
  - Alamofire (~> 4.9.1)
  - CodableAlamofire (~> 1.1.2)
  - lottie-ios
  - PromiseKit
  - SwiftyBeaver (~> 1.8.4)
  - SwiftyJSON

SPEC REPOS:
  trunk:
    - Alamofire
    - CodableAlamofire
    - lottie-ios
    - PromiseKit
    - SwiftyBeaver
    - SwiftyJSON

SPEC CHECKSUMS:
  Alamofire: 85e8a02c69d6020a0d734f6054870d7ecb75cf18
  CodableAlamofire: b7adfb2e5e980392014b4b3f3b8b62c01b9de4aa
  lottie-ios: c058aeafa76daa4cf64d773554bccc8385d0150e
  PromiseKit: 3b2b6995e51a954c46dbc550ce3da44fbfb563c5
  SwiftyBeaver: f9a9aba96a6a6166e21682377804d728b0d20b95
  SwiftyJSON: 2f33a42c6fbc52764d96f13368585094bfd8aa5e

PODFILE CHECKSUM: 17767d5f35f47dbf61ebb03638862d873c6b650c

COCOAPODS: 1.11.2
